
Microsoft Visual Studio Solution File, Format Version 12.00
# Visual Studio Version 17
VisualStudioVersion = 17.9.34728.123
MinimumVisualStudioVersion = 10.0.40219.1
Project("{FAE04EC0-301F-11D3-BF4B-00C04F79EFBC}") = "Bloggie.Web", "Bloggie.Web\Bloggie.Web.csproj", "{19893AB5-B5A6-44A3-A1B6-DBDC6E856BC6}"
EndProject
Global
	GlobalSection(SolutionConfigurationPlatforms) = preSolution
		Debug|Any CPU = Debug|Any CPU
		Release|Any CPU = Release|Any CPU
	EndGlobalSection
	GlobalSection(ProjectConfigurationPlatforms) = postSolution
		{19893AB5-B5A6-44A3-A1B6-DBDC6E856BC6}.Debug|Any CPU.ActiveCfg = Debug|Any CPU
		{19893AB5-B5A6-44A3-A1B6-DBDC6E856BC6}.Debug|Any CPU.Build.0 = Debug|Any CPU
		{19893AB5-B5A6-44A3-A1B6-DBDC6E856BC6}.Release|Any CPU.ActiveCfg = Release|Any CPU
		{19893AB5-B5A6-44A3-A1B6-DBDC6E856BC6}.Release|Any CPU.Build.0 = Release|Any CPU
	EndGlobalSection
	GlobalSection(SolutionProperties) = preSolution
		HideSolutionNode = FALSE
	EndGlobalSection
	GlobalSection(ExtensibilityGlobals) = postSolution
		SolutionGuid = {A66984D8-7412-4524-8EA8-53B8E3FDCE9F}
	EndGlobalSection
EndGlobal
